{
  "requires": true,
  "lockfileVersion": 1,
  "dependencies": {
    "@babel/runtime": {
      "version": "7.5.4",
      "resolved": "https://registry.npmjs.org/@babel/runtime/-/runtime-7.5.4.tgz",
      "integrity": "sha512-Na84uwyImZZc3FKf4aUF1tysApzwf3p2yuFBIyBfbzT5glzKTdvYI4KVW4kcgjrzoGUjC7w3YyCHcJKaRxsr2Q==",
      "requires": {
        "regenerator-runtime": "^0.13.2"
      }
    },
    "@material-ui/icons": {
      "version": "4.2.1",
      "resolved": "https://registry.npmjs.org/@material-ui/icons/-/icons-4.2.1.tgz",
      "integrity": "sha512-FvSD5lUBJ66frI4l4AYAPy2CH14Zs2Dgm0o3oOMr33BdQtOAjCgbdOcvPBeaD1w6OQl31uNW3CKOE8xfPNxvUQ==",
      "requires": {
        "@babel/runtime": "^7.2.0"
      }
    },
    "eslint-plugin-flowtype": {
      "version": "3.11.1",
      "resolved": "https://registry.npmjs.org/eslint-plugin-flowtype/-/eslint-plugin-flowtype-3.11.1.tgz",
      "integrity": "sha512-4NiaaGZuz9iEGRTK8j4lkA/scibOXSYaYoHbsTtgLOxxqQCkbWV3xt8ETqILKg7DAYDqB69z1H5U71UmtdF9hw==",
      "requires": {
        "lodash": "^4.17.11"
      }
    },
    "lodash": {
      "version": "4.17.14",
      "resolved": "https://registry.npmjs.org/lodash/-/lodash-4.17.14.tgz",
      "integrity": "sha512-mmKYbW3GLuJeX+iGP+Y7Gp1AiGHGbXHCOh/jZmrawMmsE7MS4znI3RL2FsjbqOyMayHInjOeykW7PEajUk1/xw=="
    },
    "regenerator-runtime": {
      "version": "0.13.2",
      "resolved": "https://registry.npmjs.org/regenerator-runtime/-/regenerator-runtime-0.13.2.tgz",
      "integrity": "sha512-S/TQAZJO+D3m9xeN1WTI8dLKBBiRgXBlTJvbWjCThHWZj9EvHK70Ff50/tYj2J/fvBY6JtFVwRuazHN2E7M9BA=="
    }
  }
}
